
Microsoft Visual Studio Solution File, Format Version 12.00
# Visual Studio 15
VisualStudioVersion = 15.0.27130.2027
MinimumVisualStudioVersion = 10.0.40219.1
Project("{9A19103F-16F7-4668-BE54-9A1E7A4F7556}") = "dotnetbenchmarksamples", "dotnetbenchmarksamples\dotnetbenchmarksamples.csproj", "{F593E2CA-222C-4E5A-8A2A-8C83AA1B73DF}"
EndProject
Project("{FAE04EC0-301F-11D3-BF4B-00C04F79EFBC}") = "CoreDevelopHelpConsole", "CoreDevelopHelpConsole\CoreDevelopHelpConsole.csproj", "{0D67E01E-F67F-4DEC-9E31-52CD5BEFBF1C}"
EndProject
Global
	GlobalSection(SolutionConfigurationPlatforms) = preSolution
		Debug|Any CPU = Debug|Any CPU
		Release|Any CPU = Release|Any CPU
	EndGlobalSection
	GlobalSection(ProjectConfigurationPlatforms) = postSolution
		{F593E2CA-222C-4E5A-8A2A-8C83AA1B73DF}.Debug|Any CPU.ActiveCfg = Debug|Any CPU
		{F593E2CA-222C-4E5A-8A2A-8C83AA1B73DF}.Debug|Any CPU.Build.0 = Debug|Any CPU
		{F593E2CA-222C-4E5A-8A2A-8C83AA1B73DF}.Release|Any CPU.ActiveCfg = Release|Any CPU
		{F593E2CA-222C-4E5A-8A2A-8C83AA1B73DF}.Release|Any CPU.Build.0 = Release|Any CPU
		{0D67E01E-F67F-4DEC-9E31-52CD5BEFBF1C}.Debug|Any CPU.ActiveCfg = Debug|Any CPU
		{0D67E01E-F67F-4DEC-9E31-52CD5BEFBF1C}.Debug|Any CPU.Build.0 = Debug|Any CPU
		{0D67E01E-F67F-4DEC-9E31-52CD5BEFBF1C}.Release|Any CPU.ActiveCfg = Release|Any CPU
		{0D67E01E-F67F-4DEC-9E31-52CD5BEFBF1C}.Release|Any CPU.Build.0 = Release|Any CPU
	EndGlobalSection
	GlobalSection(SolutionProperties) = preSolution
		HideSolutionNode = FALSE
	EndGlobalSection
	GlobalSection(ExtensibilityGlobals) = postSolution
		SolutionGuid = {E6A482E1-A4AA-43F3-9BD8-F18C2B1674B5}
	EndGlobalSection
EndGlobal
